{
  "name": "primeopp-commerce-core",
  "version": "1.0.0",
  "lockfileVersion": 3,
  "requires": true,
  "packages": {
    "": {
      "name": "primeopp-commerce-core",
      "version": "1.0.0",
      "license": "Apache-2.0",
      "workspaces": [
        "packages/*"
      ],
      "devDependencies": {
        "@types/node": "^22.20.1",
        "typescript": "^5.4.5"
      },
      "engines": {
        "node": ">=22.0.0"
      }
    },
    "node_modules/@primeopp/adapter-sdk": {
      "resolved": "packages/adapter-sdk",
      "link": true
    },
    "node_modules/@primeopp/adapter-testkit": {
      "resolved": "packages/adapter-testkit",
      "link": true
    },
    "node_modules/@primeopp/barcode": {
      "resolved": "packages/barcode",
      "link": true
    },
    "node_modules/@primeopp/canonical-catalog": {
      "resolved": "packages/canonical-catalog",
      "link": true
    },
    "node_modules/@primeopp/channel-contracts": {
      "resolved": "packages/channel-contracts",
      "link": true
    },
    "node_modules/@primeopp/cli": {
      "resolved": "packages/cli",
      "link": true
    },
    "node_modules/@primeopp/commerce-events": {
      "resolved": "packages/commerce-events",
      "link": true
    },
    "node_modules/@primeopp/condition-engine": {
      "resolved": "packages/condition-engine",
      "link": true
    },
    "node_modules/@primeopp/contracts": {
      "resolved": "packages/contracts",
      "link": true
    },
    "node_modules/@primeopp/evidence": {
      "resolved": "packages/evidence",
      "link": true
    },
    "node_modules/@primeopp/fee-engine": {
      "resolved": "packages/fee-engine",
      "link": true
    },
    "node_modules/@primeopp/image-match-contracts": {
      "resolved": "packages/image-match-contracts",
      "link": true
    },
    "node_modules/@primeopp/inventory": {
      "resolved": "packages/inventory",
      "link": true
    },
    "node_modules/@primeopp/listing-contracts": {
      "resolved": "packages/listing-contracts",
      "link": true
    },
    "node_modules/@primeopp/ocr-contracts": {
      "resolved": "packages/ocr-contracts",
      "link": true
    },
    "node_modules/@primeopp/opportunity-engine": {
      "resolved": "packages/opportunity-engine",
      "link": true
    },
    "node_modules/@primeopp/pricing": {
      "resolved": "packages/pricing",
      "link": true
    },
    "node_modules/@primeopp/product-identity": {
      "resolved": "packages/product-identity",
      "link": true
    },
    "node_modules/@primeopp/profit-engine": {
      "resolved": "packages/profit-engine",
      "link": true
    },
    "node_modules/@primeopp/schemas": {
      "resolved": "packages/schemas",
      "link": true
    },
    "node_modules/@primeopp/sdk": {
      "resolved": "packages/sdk",
      "link": true
    },
    "node_modules/@primeopp/shipping-estimator": {
      "resolved": "packages/shipping-estimator",
      "link": true
    },
    "node_modules/@primeopp/tenant-config": {
      "resolved": "packages/tenant-config",
      "link": true
    },
    "node_modules/@primeopp/variant-engine": {
      "resolved": "packages/variant-engine",
      "link": true
    },
    "node_modules/@types/node": {
      "version": "22.20.1",
      "resolved": "https://registry.npmjs.org/@types/node/-/node-22.20.1.tgz",
      "integrity": "sha512-EANqOCF9QFyra+4pfxUcX9STKJpCLjMbObVzljIJomAWSnuSIEAvyzEU53GaajbXJEgdh0iEcPL+DGvpUd4k1Q==",
      "dev": true,
      "license": "MIT",
      "dependencies": {
        "undici-types": "~6.21.0"
      }
    },
    "node_modules/typescript": {
      "version": "5.9.3",
      "resolved": "https://registry.npmjs.org/typescript/-/typescript-5.9.3.tgz",
      "integrity": "sha512-jl1vZzPDinLr9eUt3J/t7V6FgNEw9QjvBPdysz9KfQDD41fQrC2Y4vKQdiaUpFT4bXlb1RHhLpp8wtm6M5TgSw==",
      "dev": true,
      "license": "Apache-2.0",
      "bin": {
        "tsc": "bin/tsc",
        "tsserver": "bin/tsserver"
      },
      "engines": {
        "node": ">=14.17"
      }
    },
    "node_modules/undici-types": {
      "version": "6.21.0",
      "resolved": "https://registry.npmjs.org/undici-types/-/undici-types-6.21.0.tgz",
      "integrity": "sha512-iwDZqg0QAGrg9Rav5H4n0M64c3mkR59cJ6wQp+7C4nI0gsmExaedaYLNO44eT4AtBBwjbTiGPMlt2Md0T9H9JQ==",
      "dev": true,
      "license": "MIT"
    },
    "packages/adapter-sdk": {
      "name": "@primeopp/adapter-sdk",
      "version": "1.0.0",
      "license": "Apache-2.0",
      "dependencies": {
        "@primeopp/commerce-events": "1.0.0",
        "@primeopp/contracts": "1.0.0"
      }
    },
    "packages/adapter-testkit": {
      "name": "@primeopp/adapter-testkit",
      "version": "1.0.0",
      "license": "Apache-2.0",
      "dependencies": {
        "@primeopp/barcode": "1.0.0",
        "@primeopp/channel-contracts": "1.0.0",
        "@primeopp/contracts": "1.0.0",
        "@primeopp/image-match-contracts": "1.0.0",
        "@primeopp/ocr-contracts": "1.0.0",
        "@primeopp/pricing": "1.0.0"
      }
    },
    "packages/barcode": {
      "name": "@primeopp/barcode",
      "version": "1.0.0",
      "license": "Apache-2.0",
      "dependencies": {
        "@primeopp/contracts": "1.0.0"
      }
    },
    "packages/canonical-catalog": {
      "name": "@primeopp/canonical-catalog",
      "version": "1.0.0",
      "license": "Apache-2.0",
      "dependencies": {
        "@primeopp/condition-engine": "1.0.0",
        "@primeopp/contracts": "1.0.0",
        "@primeopp/product-identity": "1.0.0",
        "@primeopp/variant-engine": "1.0.0"
      }
    },
    "packages/channel-contracts": {
      "name": "@primeopp/channel-contracts",
      "version": "1.0.0",
      "license": "Apache-2.0",
      "dependencies": {
        "@primeopp/contracts": "1.0.0",
        "@primeopp/listing-contracts": "1.0.0"
      }
    },
    "packages/cli": {
      "name": "@primeopp/cli",
      "version": "1.0.0",
      "license": "Apache-2.0",
      "dependencies": {
        "@primeopp/adapter-testkit": "1.0.0",
        "@primeopp/barcode": "1.0.0",
        "@primeopp/channel-contracts": "1.0.0",
        "@primeopp/contracts": "1.0.0",
        "@primeopp/inventory": "1.0.0",
        "@primeopp/listing-contracts": "1.0.0",
        "@primeopp/opportunity-engine": "1.0.0",
        "@primeopp/pricing": "1.0.0",
        "@primeopp/profit-engine": "1.0.0",
        "@primeopp/sdk": "1.0.0",
        "@primeopp/tenant-config": "1.0.0"
      }
    },
    "packages/commerce-events": {
      "name": "@primeopp/commerce-events",
      "version": "1.0.0",
      "license": "Apache-2.0",
      "dependencies": {
        "@primeopp/contracts": "1.0.0"
      }
    },
    "packages/condition-engine": {
      "name": "@primeopp/condition-engine",
      "version": "1.0.0",
      "license": "Apache-2.0",
      "dependencies": {
        "@primeopp/contracts": "1.0.0"
      }
    },
    "packages/contracts": {
      "name": "@primeopp/contracts",
      "version": "1.0.0",
      "license": "Apache-2.0"
    },
    "packages/evidence": {
      "name": "@primeopp/evidence",
      "version": "1.0.0",
      "license": "Apache-2.0",
      "dependencies": {
        "@primeopp/contracts": "1.0.0"
      }
    },
    "packages/fee-engine": {
      "name": "@primeopp/fee-engine",
      "version": "1.0.0",
      "license": "Apache-2.0",
      "dependencies": {
        "@primeopp/contracts": "1.0.0"
      }
    },
    "packages/image-match-contracts": {
      "name": "@primeopp/image-match-contracts",
      "version": "1.0.0",
      "license": "Apache-2.0",
      "dependencies": {
        "@primeopp/contracts": "1.0.0"
      }
    },
    "packages/inventory": {
      "name": "@primeopp/inventory",
      "version": "1.0.0",
      "license": "Apache-2.0",
      "dependencies": {
        "@primeopp/commerce-events": "1.0.0",
        "@primeopp/contracts": "1.0.0"
      }
    },
    "packages/listing-contracts": {
      "name": "@primeopp/listing-contracts",
      "version": "1.0.0",
      "license": "Apache-2.0",
      "dependencies": {
        "@primeopp/contracts": "1.0.0",
        "@primeopp/pricing": "1.0.0"
      }
    },
    "packages/ocr-contracts": {
      "name": "@primeopp/ocr-contracts",
      "version": "1.0.0",
      "license": "Apache-2.0",
      "dependencies": {
        "@primeopp/contracts": "1.0.0"
      }
    },
    "packages/opportunity-engine": {
      "name": "@primeopp/opportunity-engine",
      "version": "1.0.0",
      "license": "Apache-2.0",
      "dependencies": {
        "@primeopp/contracts": "1.0.0",
        "@primeopp/pricing": "1.0.0",
        "@primeopp/profit-engine": "1.0.0"
      }
    },
    "packages/pricing": {
      "name": "@primeopp/pricing",
      "version": "1.0.0",
      "license": "Apache-2.0",
      "dependencies": {
        "@primeopp/contracts": "1.0.0",
        "@primeopp/fee-engine": "1.0.0"
      }
    },
    "packages/product-identity": {
      "name": "@primeopp/product-identity",
      "version": "1.0.0",
      "license": "Apache-2.0",
      "dependencies": {
        "@primeopp/barcode": "1.0.0",
        "@primeopp/condition-engine": "1.0.0",
        "@primeopp/contracts": "1.0.0",
        "@primeopp/image-match-contracts": "1.0.0",
        "@primeopp/ocr-contracts": "1.0.0",
        "@primeopp/variant-engine": "1.0.0"
      }
    },
    "packages/profit-engine": {
      "name": "@primeopp/profit-engine",
      "version": "1.0.0",
      "license": "Apache-2.0",
      "dependencies": {
        "@primeopp/contracts": "1.0.0",
        "@primeopp/fee-engine": "1.0.0",
        "@primeopp/pricing": "1.0.0",
        "@primeopp/shipping-estimator": "1.0.0"
      }
    },
    "packages/schemas": {
      "name": "@primeopp/schemas",
      "version": "1.0.0",
      "license": "Apache-2.0",
      "dependencies": {
        "@primeopp/contracts": "1.0.0"
      }
    },
    "packages/sdk": {
      "name": "@primeopp/sdk",
      "version": "1.0.0",
      "license": "Apache-2.0",
      "dependencies": {
        "@primeopp/adapter-sdk": "1.0.0",
        "@primeopp/adapter-testkit": "1.0.0",
        "@primeopp/barcode": "1.0.0",
        "@primeopp/canonical-catalog": "1.0.0",
        "@primeopp/channel-contracts": "1.0.0",
        "@primeopp/commerce-events": "1.0.0",
        "@primeopp/condition-engine": "1.0.0",
        "@primeopp/contracts": "1.0.0",
        "@primeopp/evidence": "1.0.0",
        "@primeopp/fee-engine": "1.0.0",
        "@primeopp/inventory": "1.0.0",
        "@primeopp/listing-contracts": "1.0.0",
        "@primeopp/opportunity-engine": "1.0.0",
        "@primeopp/pricing": "1.0.0",
        "@primeopp/product-identity": "1.0.0",
        "@primeopp/profit-engine": "1.0.0",
        "@primeopp/shipping-estimator": "1.0.0",
        "@primeopp/tenant-config": "1.0.0",
        "@primeopp/variant-engine": "1.0.0"
      }
    },
    "packages/shipping-estimator": {
      "name": "@primeopp/shipping-estimator",
      "version": "1.0.0",
      "license": "Apache-2.0",
      "dependencies": {
        "@primeopp/contracts": "1.0.0"
      }
    },
    "packages/tenant-config": {
      "name": "@primeopp/tenant-config",
      "version": "1.0.0",
      "license": "Apache-2.0",
      "dependencies": {
        "@primeopp/contracts": "1.0.0"
      }
    },
    "packages/variant-engine": {
      "name": "@primeopp/variant-engine",
      "version": "1.0.0",
      "license": "Apache-2.0",
      "dependencies": {
        "@primeopp/contracts": "1.0.0"
      }
    }
  }
}
