{
  "name": "primeopp-marketplace-platform",
  "version": "1.0.0",
  "lockfileVersion": 3,
  "requires": true,
  "packages": {
    "": {
      "name": "primeopp-marketplace-platform",
      "version": "1.0.0",
      "license": "Apache-2.0",
      "workspaces": [
        "packages/*",
        "adapters/*"
      ],
      "devDependencies": {
        "@types/node": "^18.19.130",
        "typescript": "^5.4.5"
      },
      "engines": {
        "node": ">=18.0.0"
      }
    },
    "adapters/primeopp-marketplace": {
      "name": "@primeopp-marketplace/primeopp-marketplace",
      "version": "1.0.0",
      "license": "Apache-2.0",
      "dependencies": {
        "@primeopp-marketplace/adapter-sdk": "1.0.0",
        "@primeopp-marketplace/contracts": "1.0.0"
      }
    },
    "adapters/test-alias": {
      "name": "@primeopp-marketplace/test-alias",
      "version": "1.0.0",
      "license": "Apache-2.0",
      "dependencies": {
        "@primeopp-marketplace/adapter-sdk": "1.0.0",
        "@primeopp-marketplace/contracts": "1.0.0"
      }
    },
    "adapters/test-amazon": {
      "name": "@primeopp-marketplace/test-amazon",
      "version": "1.0.0",
      "license": "Apache-2.0",
      "dependencies": {
        "@primeopp-marketplace/adapter-sdk": "1.0.0",
        "@primeopp-marketplace/contracts": "1.0.0"
      }
    },
    "adapters/test-craigslist": {
      "name": "@primeopp-marketplace/test-craigslist",
      "version": "1.0.0",
      "license": "Apache-2.0",
      "dependencies": {
        "@primeopp-marketplace/adapter-sdk": "1.0.0",
        "@primeopp-marketplace/contracts": "1.0.0"
      }
    },
    "adapters/test-depop": {
      "name": "@primeopp-marketplace/test-depop",
      "version": "1.0.0",
      "license": "Apache-2.0",
      "dependencies": {
        "@primeopp-marketplace/adapter-sdk": "1.0.0",
        "@primeopp-marketplace/contracts": "1.0.0"
      }
    },
    "adapters/test-ebay": {
      "name": "@primeopp-marketplace/test-ebay",
      "version": "1.0.0",
      "license": "Apache-2.0",
      "dependencies": {
        "@primeopp-marketplace/adapter-sdk": "1.0.0",
        "@primeopp-marketplace/contracts": "1.0.0"
      }
    },
    "adapters/test-etsy": {
      "name": "@primeopp-marketplace/test-etsy",
      "version": "1.0.0",
      "license": "Apache-2.0",
      "dependencies": {
        "@primeopp-marketplace/adapter-sdk": "1.0.0",
        "@primeopp-marketplace/contracts": "1.0.0"
      }
    },
    "adapters/test-facebook-marketplace": {
      "name": "@primeopp-marketplace/test-facebook-marketplace",
      "version": "1.0.0",
      "license": "Apache-2.0",
      "dependencies": {
        "@primeopp-marketplace/adapter-sdk": "1.0.0",
        "@primeopp-marketplace/contracts": "1.0.0"
      }
    },
    "adapters/test-flight-club": {
      "name": "@primeopp-marketplace/test-flight-club",
      "version": "1.0.0",
      "license": "Apache-2.0",
      "dependencies": {
        "@primeopp-marketplace/adapter-sdk": "1.0.0",
        "@primeopp-marketplace/contracts": "1.0.0"
      }
    },
    "adapters/test-goat": {
      "name": "@primeopp-marketplace/test-goat",
      "version": "1.0.0",
      "license": "Apache-2.0",
      "dependencies": {
        "@primeopp-marketplace/adapter-sdk": "1.0.0",
        "@primeopp-marketplace/contracts": "1.0.0"
      }
    },
    "adapters/test-grailed": {
      "name": "@primeopp-marketplace/test-grailed",
      "version": "1.0.0",
      "license": "Apache-2.0",
      "dependencies": {
        "@primeopp-marketplace/adapter-sdk": "1.0.0",
        "@primeopp-marketplace/contracts": "1.0.0"
      }
    },
    "adapters/test-mercari": {
      "name": "@primeopp-marketplace/test-mercari",
      "version": "1.0.0",
      "license": "Apache-2.0",
      "dependencies": {
        "@primeopp-marketplace/adapter-sdk": "1.0.0",
        "@primeopp-marketplace/contracts": "1.0.0"
      }
    },
    "adapters/test-offerup": {
      "name": "@primeopp-marketplace/test-offerup",
      "version": "1.0.0",
      "license": "Apache-2.0",
      "dependencies": {
        "@primeopp-marketplace/adapter-sdk": "1.0.0",
        "@primeopp-marketplace/contracts": "1.0.0"
      }
    },
    "adapters/test-poshmark": {
      "name": "@primeopp-marketplace/test-poshmark",
      "version": "1.0.0",
      "license": "Apache-2.0",
      "dependencies": {
        "@primeopp-marketplace/adapter-sdk": "1.0.0",
        "@primeopp-marketplace/contracts": "1.0.0"
      }
    },
    "adapters/test-stadium-goods": {
      "name": "@primeopp-marketplace/test-stadium-goods",
      "version": "1.0.0",
      "license": "Apache-2.0",
      "dependencies": {
        "@primeopp-marketplace/adapter-sdk": "1.0.0",
        "@primeopp-marketplace/contracts": "1.0.0"
      }
    },
    "adapters/test-stockx": {
      "name": "@primeopp-marketplace/test-stockx",
      "version": "1.0.0",
      "license": "Apache-2.0",
      "dependencies": {
        "@primeopp-marketplace/adapter-sdk": "1.0.0",
        "@primeopp-marketplace/contracts": "1.0.0"
      }
    },
    "adapters/test-walmart": {
      "name": "@primeopp-marketplace/test-walmart",
      "version": "1.0.0",
      "license": "Apache-2.0",
      "dependencies": {
        "@primeopp-marketplace/adapter-sdk": "1.0.0",
        "@primeopp-marketplace/contracts": "1.0.0"
      }
    },
    "adapters/test-whatnot": {
      "name": "@primeopp-marketplace/test-whatnot",
      "version": "1.0.0",
      "license": "Apache-2.0",
      "dependencies": {
        "@primeopp-marketplace/adapter-sdk": "1.0.0",
        "@primeopp-marketplace/contracts": "1.0.0"
      }
    },
    "node_modules/@primeopp-marketplace/adapter-sdk": {
      "resolved": "packages/adapter-sdk",
      "link": true
    },
    "node_modules/@primeopp-marketplace/adapter-testkit": {
      "resolved": "packages/adapter-testkit",
      "link": true
    },
    "node_modules/@primeopp-marketplace/affiliate-contracts": {
      "resolved": "packages/affiliate-contracts",
      "link": true
    },
    "node_modules/@primeopp-marketplace/amos-contracts": {
      "resolved": "packages/amos-contracts",
      "link": true
    },
    "node_modules/@primeopp-marketplace/buyer": {
      "resolved": "packages/buyer",
      "link": true
    },
    "node_modules/@primeopp-marketplace/canonical-listing": {
      "resolved": "packages/canonical-listing",
      "link": true
    },
    "node_modules/@primeopp-marketplace/channel-registry": {
      "resolved": "packages/channel-registry",
      "link": true
    },
    "node_modules/@primeopp-marketplace/cli": {
      "resolved": "packages/cli",
      "link": true
    },
    "node_modules/@primeopp-marketplace/commission-engine": {
      "resolved": "packages/commission-engine",
      "link": true
    },
    "node_modules/@primeopp-marketplace/contracts": {
      "resolved": "packages/contracts",
      "link": true
    },
    "node_modules/@primeopp-marketplace/disputes": {
      "resolved": "packages/disputes",
      "link": true
    },
    "node_modules/@primeopp-marketplace/evidence": {
      "resolved": "packages/evidence",
      "link": true
    },
    "node_modules/@primeopp-marketplace/fulfillment-contracts": {
      "resolved": "packages/fulfillment-contracts",
      "link": true
    },
    "node_modules/@primeopp-marketplace/inventory-sync": {
      "resolved": "packages/inventory-sync",
      "link": true
    },
    "node_modules/@primeopp-marketplace/listing-publisher": {
      "resolved": "packages/listing-publisher",
      "link": true
    },
    "node_modules/@primeopp-marketplace/listing-sync": {
      "resolved": "packages/listing-sync",
      "link": true
    },
    "node_modules/@primeopp-marketplace/listing-transformer": {
      "resolved": "packages/listing-transformer",
      "link": true
    },
    "node_modules/@primeopp-marketplace/messaging": {
      "resolved": "packages/messaging",
      "link": true
    },
    "node_modules/@primeopp-marketplace/moderation": {
      "resolved": "packages/moderation",
      "link": true
    },
    "node_modules/@primeopp-marketplace/negotiation-engine": {
      "resolved": "packages/negotiation-engine",
      "link": true
    },
    "node_modules/@primeopp-marketplace/observability": {
      "resolved": "packages/observability",
      "link": true
    },
    "node_modules/@primeopp-marketplace/offer-engine": {
      "resolved": "packages/offer-engine",
      "link": true
    },
    "node_modules/@primeopp-marketplace/order-engine": {
      "resolved": "packages/order-engine",
      "link": true
    },
    "node_modules/@primeopp-marketplace/primeopp-marketplace": {
      "resolved": "adapters/primeopp-marketplace",
      "link": true
    },
    "node_modules/@primeopp-marketplace/returns": {
      "resolved": "packages/returns",
      "link": true
    },
    "node_modules/@primeopp-marketplace/schemas": {
      "resolved": "packages/schemas",
      "link": true
    },
    "node_modules/@primeopp-marketplace/sdk": {
      "resolved": "packages/sdk",
      "link": true
    },
    "node_modules/@primeopp-marketplace/search-contracts": {
      "resolved": "packages/search-contracts",
      "link": true
    },
    "node_modules/@primeopp-marketplace/seller": {
      "resolved": "packages/seller",
      "link": true
    },
    "node_modules/@primeopp-marketplace/seo": {
      "resolved": "packages/seo",
      "link": true
    },
    "node_modules/@primeopp-marketplace/settlement-contracts": {
      "resolved": "packages/settlement-contracts",
      "link": true
    },
    "node_modules/@primeopp-marketplace/shipping-contracts": {
      "resolved": "packages/shipping-contracts",
      "link": true
    },
    "node_modules/@primeopp-marketplace/tenant-config": {
      "resolved": "packages/tenant-config",
      "link": true
    },
    "node_modules/@primeopp-marketplace/test-alias": {
      "resolved": "adapters/test-alias",
      "link": true
    },
    "node_modules/@primeopp-marketplace/test-amazon": {
      "resolved": "adapters/test-amazon",
      "link": true
    },
    "node_modules/@primeopp-marketplace/test-craigslist": {
      "resolved": "adapters/test-craigslist",
      "link": true
    },
    "node_modules/@primeopp-marketplace/test-depop": {
      "resolved": "adapters/test-depop",
      "link": true
    },
    "node_modules/@primeopp-marketplace/test-ebay": {
      "resolved": "adapters/test-ebay",
      "link": true
    },
    "node_modules/@primeopp-marketplace/test-etsy": {
      "resolved": "adapters/test-etsy",
      "link": true
    },
    "node_modules/@primeopp-marketplace/test-facebook-marketplace": {
      "resolved": "adapters/test-facebook-marketplace",
      "link": true
    },
    "node_modules/@primeopp-marketplace/test-flight-club": {
      "resolved": "adapters/test-flight-club",
      "link": true
    },
    "node_modules/@primeopp-marketplace/test-goat": {
      "resolved": "adapters/test-goat",
      "link": true
    },
    "node_modules/@primeopp-marketplace/test-grailed": {
      "resolved": "adapters/test-grailed",
      "link": true
    },
    "node_modules/@primeopp-marketplace/test-mercari": {
      "resolved": "adapters/test-mercari",
      "link": true
    },
    "node_modules/@primeopp-marketplace/test-offerup": {
      "resolved": "adapters/test-offerup",
      "link": true
    },
    "node_modules/@primeopp-marketplace/test-poshmark": {
      "resolved": "adapters/test-poshmark",
      "link": true
    },
    "node_modules/@primeopp-marketplace/test-stadium-goods": {
      "resolved": "adapters/test-stadium-goods",
      "link": true
    },
    "node_modules/@primeopp-marketplace/test-stockx": {
      "resolved": "adapters/test-stockx",
      "link": true
    },
    "node_modules/@primeopp-marketplace/test-walmart": {
      "resolved": "adapters/test-walmart",
      "link": true
    },
    "node_modules/@primeopp-marketplace/test-whatnot": {
      "resolved": "adapters/test-whatnot",
      "link": true
    },
    "node_modules/@primeopp-marketplace/trust-safety": {
      "resolved": "packages/trust-safety",
      "link": true
    },
    "node_modules/@types/node": {
      "version": "18.19.130",
      "resolved": "https://registry.npmjs.org/@types/node/-/node-18.19.130.tgz",
      "integrity": "sha512-GRaXQx6jGfL8sKfaIDD6OupbIHBr9jv7Jnaml9tB7l4v068PAOXqfcujMMo5PhbIs6ggR1XODELqahT2R8v0fg==",
      "dev": true,
      "license": "MIT",
      "dependencies": {
        "undici-types": "~5.26.4"
      }
    },
    "node_modules/typescript": {
      "version": "5.9.3",
      "resolved": "https://registry.npmjs.org/typescript/-/typescript-5.9.3.tgz",
      "integrity": "sha512-jl1vZzPDinLr9eUt3J/t7V6FgNEw9QjvBPdysz9KfQDD41fQrC2Y4vKQdiaUpFT4bXlb1RHhLpp8wtm6M5TgSw==",
      "dev": true,
      "license": "Apache-2.0",
      "bin": {
        "tsc": "bin/tsc",
        "tsserver": "bin/tsserver"
      },
      "engines": {
        "node": ">=14.17"
      }
    },
    "node_modules/undici-types": {
      "version": "5.26.5",
      "resolved": "https://registry.npmjs.org/undici-types/-/undici-types-5.26.5.tgz",
      "integrity": "sha512-JlCMO+ehdEIKqlFxk6IfVoAUVmgz7cU7zD/h9XZ0qzeosSHmUJVOzSQvvYSYWXkFXC+IfLKSIffhv0sVZup6pA==",
      "dev": true,
      "license": "MIT"
    },
    "packages/adapter-sdk": {
      "name": "@primeopp-marketplace/adapter-sdk",
      "version": "1.0.0",
      "license": "Apache-2.0",
      "dependencies": {
        "@primeopp-marketplace/contracts": "1.0.0"
      }
    },
    "packages/adapter-testkit": {
      "name": "@primeopp-marketplace/adapter-testkit",
      "version": "1.0.0",
      "license": "Apache-2.0",
      "dependencies": {
        "@primeopp-marketplace/adapter-sdk": "1.0.0",
        "@primeopp-marketplace/contracts": "1.0.0"
      }
    },
    "packages/affiliate-contracts": {
      "name": "@primeopp-marketplace/affiliate-contracts",
      "version": "1.0.0",
      "license": "Apache-2.0",
      "dependencies": {
        "@primeopp-marketplace/contracts": "1.0.0"
      }
    },
    "packages/amos-contracts": {
      "name": "@primeopp-marketplace/amos-contracts",
      "version": "1.0.0",
      "license": "Apache-2.0",
      "dependencies": {
        "@primeopp-marketplace/contracts": "1.0.0"
      }
    },
    "packages/buyer": {
      "name": "@primeopp-marketplace/buyer",
      "version": "1.0.0",
      "license": "Apache-2.0",
      "dependencies": {
        "@primeopp-marketplace/contracts": "1.0.0"
      }
    },
    "packages/canonical-listing": {
      "name": "@primeopp-marketplace/canonical-listing",
      "version": "1.0.0",
      "license": "Apache-2.0",
      "dependencies": {
        "@primeopp-marketplace/contracts": "1.0.0",
        "@primeopp-marketplace/schemas": "1.0.0"
      }
    },
    "packages/channel-registry": {
      "name": "@primeopp-marketplace/channel-registry",
      "version": "1.0.0",
      "license": "Apache-2.0",
      "dependencies": {
        "@primeopp-marketplace/contracts": "1.0.0"
      }
    },
    "packages/cli": {
      "name": "@primeopp-marketplace/cli",
      "version": "1.0.0",
      "license": "Apache-2.0",
      "dependencies": {
        "@primeopp-marketplace/sdk": "1.0.0"
      }
    },
    "packages/commission-engine": {
      "name": "@primeopp-marketplace/commission-engine",
      "version": "1.0.0",
      "license": "Apache-2.0",
      "dependencies": {
        "@primeopp-marketplace/contracts": "1.0.0",
        "@primeopp-marketplace/evidence": "1.0.0"
      }
    },
    "packages/contracts": {
      "name": "@primeopp-marketplace/contracts",
      "version": "1.0.0",
      "license": "Apache-2.0"
    },
    "packages/disputes": {
      "name": "@primeopp-marketplace/disputes",
      "version": "1.0.0",
      "license": "Apache-2.0",
      "dependencies": {
        "@primeopp-marketplace/contracts": "1.0.0",
        "@primeopp-marketplace/evidence": "1.0.0"
      }
    },
    "packages/evidence": {
      "name": "@primeopp-marketplace/evidence",
      "version": "1.0.0",
      "license": "Apache-2.0",
      "dependencies": {
        "@primeopp-marketplace/contracts": "1.0.0"
      }
    },
    "packages/fulfillment-contracts": {
      "name": "@primeopp-marketplace/fulfillment-contracts",
      "version": "1.0.0",
      "license": "Apache-2.0",
      "dependencies": {
        "@primeopp-marketplace/contracts": "1.0.0",
        "@primeopp-marketplace/shipping-contracts": "1.0.0"
      }
    },
    "packages/inventory-sync": {
      "name": "@primeopp-marketplace/inventory-sync",
      "version": "1.0.0",
      "license": "Apache-2.0",
      "dependencies": {
        "@primeopp-marketplace/contracts": "1.0.0",
        "@primeopp-marketplace/evidence": "1.0.0",
        "@primeopp-marketplace/observability": "1.0.0"
      }
    },
    "packages/listing-publisher": {
      "name": "@primeopp-marketplace/listing-publisher",
      "version": "1.0.0",
      "license": "Apache-2.0",
      "dependencies": {
        "@primeopp-marketplace/adapter-sdk": "1.0.0",
        "@primeopp-marketplace/canonical-listing": "1.0.0",
        "@primeopp-marketplace/channel-registry": "1.0.0",
        "@primeopp-marketplace/contracts": "1.0.0",
        "@primeopp-marketplace/evidence": "1.0.0",
        "@primeopp-marketplace/listing-transformer": "1.0.0",
        "@primeopp-marketplace/observability": "1.0.0",
        "@primeopp-marketplace/trust-safety": "1.0.0"
      }
    },
    "packages/listing-sync": {
      "name": "@primeopp-marketplace/listing-sync",
      "version": "1.0.0",
      "license": "Apache-2.0",
      "dependencies": {
        "@primeopp-marketplace/channel-registry": "1.0.0",
        "@primeopp-marketplace/contracts": "1.0.0"
      }
    },
    "packages/listing-transformer": {
      "name": "@primeopp-marketplace/listing-transformer",
      "version": "1.0.0",
      "license": "Apache-2.0",
      "dependencies": {
        "@primeopp-marketplace/channel-registry": "1.0.0",
        "@primeopp-marketplace/contracts": "1.0.0",
        "@primeopp-marketplace/seo": "1.0.0"
      }
    },
    "packages/messaging": {
      "name": "@primeopp-marketplace/messaging",
      "version": "1.0.0",
      "license": "Apache-2.0",
      "dependencies": {
        "@primeopp-marketplace/contracts": "1.0.0",
        "@primeopp-marketplace/evidence": "1.0.0",
        "@primeopp-marketplace/trust-safety": "1.0.0"
      }
    },
    "packages/moderation": {
      "name": "@primeopp-marketplace/moderation",
      "version": "1.0.0",
      "license": "Apache-2.0",
      "dependencies": {
        "@primeopp-marketplace/contracts": "1.0.0",
        "@primeopp-marketplace/evidence": "1.0.0"
      }
    },
    "packages/negotiation-engine": {
      "name": "@primeopp-marketplace/negotiation-engine",
      "version": "1.0.0",
      "license": "Apache-2.0",
      "dependencies": {
        "@primeopp-marketplace/contracts": "1.0.0",
        "@primeopp-marketplace/offer-engine": "1.0.0"
      }
    },
    "packages/observability": {
      "name": "@primeopp-marketplace/observability",
      "version": "1.0.0",
      "license": "Apache-2.0",
      "dependencies": {
        "@primeopp-marketplace/contracts": "1.0.0"
      }
    },
    "packages/offer-engine": {
      "name": "@primeopp-marketplace/offer-engine",
      "version": "1.0.0",
      "license": "Apache-2.0",
      "dependencies": {
        "@primeopp-marketplace/contracts": "1.0.0",
        "@primeopp-marketplace/evidence": "1.0.0"
      }
    },
    "packages/order-engine": {
      "name": "@primeopp-marketplace/order-engine",
      "version": "1.0.0",
      "license": "Apache-2.0",
      "dependencies": {
        "@primeopp-marketplace/commission-engine": "1.0.0",
        "@primeopp-marketplace/contracts": "1.0.0",
        "@primeopp-marketplace/evidence": "1.0.0",
        "@primeopp-marketplace/fulfillment-contracts": "1.0.0",
        "@primeopp-marketplace/inventory-sync": "1.0.0",
        "@primeopp-marketplace/observability": "1.0.0",
        "@primeopp-marketplace/settlement-contracts": "1.0.0",
        "@primeopp-marketplace/shipping-contracts": "1.0.0"
      }
    },
    "packages/returns": {
      "name": "@primeopp-marketplace/returns",
      "version": "1.0.0",
      "license": "Apache-2.0",
      "dependencies": {
        "@primeopp-marketplace/contracts": "1.0.0",
        "@primeopp-marketplace/evidence": "1.0.0",
        "@primeopp-marketplace/order-engine": "1.0.0"
      }
    },
    "packages/schemas": {
      "name": "@primeopp-marketplace/schemas",
      "version": "1.0.0",
      "license": "Apache-2.0",
      "dependencies": {
        "@primeopp-marketplace/contracts": "1.0.0"
      }
    },
    "packages/sdk": {
      "name": "@primeopp-marketplace/sdk",
      "version": "1.0.0",
      "license": "Apache-2.0",
      "dependencies": {
        "@primeopp-marketplace/adapter-sdk": "1.0.0",
        "@primeopp-marketplace/adapter-testkit": "1.0.0",
        "@primeopp-marketplace/affiliate-contracts": "1.0.0",
        "@primeopp-marketplace/amos-contracts": "1.0.0",
        "@primeopp-marketplace/buyer": "1.0.0",
        "@primeopp-marketplace/canonical-listing": "1.0.0",
        "@primeopp-marketplace/channel-registry": "1.0.0",
        "@primeopp-marketplace/commission-engine": "1.0.0",
        "@primeopp-marketplace/contracts": "1.0.0",
        "@primeopp-marketplace/disputes": "1.0.0",
        "@primeopp-marketplace/evidence": "1.0.0",
        "@primeopp-marketplace/fulfillment-contracts": "1.0.0",
        "@primeopp-marketplace/inventory-sync": "1.0.0",
        "@primeopp-marketplace/listing-publisher": "1.0.0",
        "@primeopp-marketplace/listing-sync": "1.0.0",
        "@primeopp-marketplace/listing-transformer": "1.0.0",
        "@primeopp-marketplace/messaging": "1.0.0",
        "@primeopp-marketplace/moderation": "1.0.0",
        "@primeopp-marketplace/negotiation-engine": "1.0.0",
        "@primeopp-marketplace/observability": "1.0.0",
        "@primeopp-marketplace/offer-engine": "1.0.0",
        "@primeopp-marketplace/order-engine": "1.0.0",
        "@primeopp-marketplace/primeopp-marketplace": "1.0.0",
        "@primeopp-marketplace/returns": "1.0.0",
        "@primeopp-marketplace/schemas": "1.0.0",
        "@primeopp-marketplace/search-contracts": "1.0.0",
        "@primeopp-marketplace/seller": "1.0.0",
        "@primeopp-marketplace/seo": "1.0.0",
        "@primeopp-marketplace/settlement-contracts": "1.0.0",
        "@primeopp-marketplace/shipping-contracts": "1.0.0",
        "@primeopp-marketplace/tenant-config": "1.0.0",
        "@primeopp-marketplace/test-amazon": "1.0.0",
        "@primeopp-marketplace/test-ebay": "1.0.0",
        "@primeopp-marketplace/test-facebook-marketplace": "1.0.0",
        "@primeopp-marketplace/trust-safety": "1.0.0"
      }
    },
    "packages/search-contracts": {
      "name": "@primeopp-marketplace/search-contracts",
      "version": "1.0.0",
      "license": "Apache-2.0",
      "dependencies": {
        "@primeopp-marketplace/contracts": "1.0.0"
      }
    },
    "packages/seller": {
      "name": "@primeopp-marketplace/seller",
      "version": "1.0.0",
      "license": "Apache-2.0",
      "dependencies": {
        "@primeopp-marketplace/contracts": "1.0.0"
      }
    },
    "packages/seo": {
      "name": "@primeopp-marketplace/seo",
      "version": "1.0.0",
      "license": "Apache-2.0",
      "dependencies": {
        "@primeopp-marketplace/contracts": "1.0.0"
      }
    },
    "packages/settlement-contracts": {
      "name": "@primeopp-marketplace/settlement-contracts",
      "version": "1.0.0",
      "license": "Apache-2.0",
      "dependencies": {
        "@primeopp-marketplace/commission-engine": "1.0.0",
        "@primeopp-marketplace/contracts": "1.0.0"
      }
    },
    "packages/shipping-contracts": {
      "name": "@primeopp-marketplace/shipping-contracts",
      "version": "1.0.0",
      "license": "Apache-2.0",
      "dependencies": {
        "@primeopp-marketplace/contracts": "1.0.0"
      }
    },
    "packages/tenant-config": {
      "name": "@primeopp-marketplace/tenant-config",
      "version": "1.0.0",
      "license": "Apache-2.0",
      "dependencies": {
        "@primeopp-marketplace/contracts": "1.0.0"
      }
    },
    "packages/trust-safety": {
      "name": "@primeopp-marketplace/trust-safety",
      "version": "1.0.0",
      "license": "Apache-2.0",
      "dependencies": {
        "@primeopp-marketplace/contracts": "1.0.0",
        "@primeopp-marketplace/moderation": "1.0.0"
      }
    }
  }
}
